
Microsoft Visual Studio Solution File, Format Version 11.00
# Visual Studio 2010
Project("{FAE04EC0-301F-11D3-BF4B-00C04F79EFBC}") = "Rob Booker Knoxville Divergence", "Rob Booker Knoxville Divergence\Rob Booker Knoxville Divergence.csproj", "{6EB67AEF-1432-40C2-BEC9-C6F713CADA19}"
EndProject
Global
	GlobalSection(SolutionConfigurationPlatforms) = preSolution
		Debug|Any CPU = Debug|Any CPU
		Release|Any CPU = Release|Any CPU
	EndGlobalSection
	GlobalSection(ProjectConfigurationPlatforms) = postSolution
		{6EB67AEF-1432-40C2-BEC9-C6F713CADA19}.Debug|Any CPU.ActiveCfg = Debug|Any CPU
		{6EB67AEF-1432-40C2-BEC9-C6F713CADA19}.Debug|Any CPU.Build.0 = Debug|Any CPU
		{6EB67AEF-1432-40C2-BEC9-C6F713CADA19}.Release|Any CPU.ActiveCfg = Release|Any CPU
		{6EB67AEF-1432-40C2-BEC9-C6F713CADA19}.Release|Any CPU.Build.0 = Release|Any CPU
	EndGlobalSection
	GlobalSection(SolutionProperties) = preSolution
		HideSolutionNode = FALSE
	EndGlobalSection
EndGlobal
